
Microsoft Visual Studio Solution File, Format Version 12.00
# Visual Studio Version 16
VisualStudioVersion = 16.0.31624.102
MinimumVisualStudioVersion = 10.0.40219.1
Project("{8BC9CEB8-8B4A-11D0-8D11-00A0C91BC942}") = "PhysicsTech", "PhysicsTech\PhysicsTech.vcxproj", "{14B44068-E8F2-4B1C-8455-580C117C0086}"
EndProject
Project("{8BC9CEB8-8B4A-11D0-8D11-00A0C91BC942}") = "UnitTesting", "UnitTesting\UnitTesting.vcxproj", "{7DE98BC3-CB67-473E-AB9D-E4BEDF0CAE18}"
EndProject
Global
	GlobalSection(SolutionConfigurationPlatforms) = preSolution
		Debug|x64 = Debug|x64
		Debug|x86 = Debug|x86
		Release|x64 = Release|x64
		Release|x86 = Release|x86
	EndGlobalSection
	GlobalSection(ProjectConfigurationPlatforms) = postSolution
		{14B44068-E8F2-4B1C-8455-580C117C0086}.Debug|x64.ActiveCfg = Debug|x64
		{14B44068-E8F2-4B1C-8455-580C117C0086}.Debug|x64.Build.0 = Debug|x64
		{14B44068-E8F2-4B1C-8455-580C117C0086}.Debug|x86.ActiveCfg = Debug|Win32
		{14B44068-E8F2-4B1C-8455-580C117C0086}.Debug|x86.Build.0 = Debug|Win32
		{14B44068-E8F2-4B1C-8455-580C117C0086}.Release|x64.ActiveCfg = Release|x64
		{14B44068-E8F2-4B1C-8455-580C117C0086}.Release|x64.Build.0 = Release|x64
		{14B44068-E8F2-4B1C-8455-580C117C0086}.Release|x86.ActiveCfg = Release|Win32
		{14B44068-E8F2-4B1C-8455-580C117C0086}.Release|x86.Build.0 = Release|Win32
		{7DE98BC3-CB67-473E-AB9D-E4BEDF0CAE18}.Debug|x64.ActiveCfg = Debug|x64
		{7DE98BC3-CB67-473E-AB9D-E4BEDF0CAE18}.Debug|x64.Build.0 = Debug|x64
		{7DE98BC3-CB67-473E-AB9D-E4BEDF0CAE18}.Debug|x86.ActiveCfg = Debug|Win32
		{7DE98BC3-CB67-473E-AB9D-E4BEDF0CAE18}.Debug|x86.Build.0 = Debug|Win32
		{7DE98BC3-CB67-473E-AB9D-E4BEDF0CAE18}.Release|x64.ActiveCfg = Release|x64
		{7DE98BC3-CB67-473E-AB9D-E4BEDF0CAE18}.Release|x64.Build.0 = Release|x64
		{7DE98BC3-CB67-473E-AB9D-E4BEDF0CAE18}.Release|x86.ActiveCfg = Release|Win32
		{7DE98BC3-CB67-473E-AB9D-E4BEDF0CAE18}.Release|x86.Build.0 = Release|Win32
	EndGlobalSection
	GlobalSection(SolutionProperties) = preSolution
		HideSolutionNode = FALSE
	EndGlobalSection
	GlobalSection(ExtensibilityGlobals) = postSolution
		SolutionGuid = {A0590236-20A9-4B7F-9D36-DAA7DBAA9DF1}
	EndGlobalSection
EndGlobal
